// !$*UTF8*$!
{
	archiveVersion = 1;
	classes = {
	};
	objectVersion = 46;
	objects = {

/* Begin PBXBuildFile section */
		663A84181CFDFEC100A7849E /* main.m in Sources */ = {isa = PBXBuildFile; fileRef = 663A84171CFDFEC100A7849E /* main.m */; };
		663A841B1CFDFEC100A7849E /* AppDelegate.m in Sources */ = {isa = PBXBuildFile; fileRef = 663A841A1CFDFEC100A7849E /* AppDelegate.m */; };
		663A841E1CFDFEC100A7849E /* ViewController.m in Sources */ = {isa = PBXBuildFile; fileRef = 663A841D1CFDFEC100A7849E /* ViewController.m */; };
		663A84211CFDFEC100A7849E /* Main.storyboard in Resources */ = {isa = PBXBuildFile; fileRef = 663A841F1CFDFEC100A7849E /* Main.storyboard */; };
		663A84231CFDFEC100A7849E /* Assets.xcassets in Resources */ = {isa = PBXBuildFile; fileRef = 663A84221CFDFEC100A7849E /* Assets.xcassets */; };
		663A84261CFDFEC100A7849E /* LaunchScreen.storyboard in Resources */ = {isa = PBXBuildFile; fileRef = 663A84241CFDFEC100A7849E /* LaunchScreen.storyboard */; };
		663A84311CFDFEC100A7849E /* ____Tests.m in Sources */ = {isa = PBXBuildFile; fileRef = 663A84301CFDFEC100A7849E /* ____Tests.m */; };
		663A843C1CFDFEC100A7849E /* ____UITests.m in Sources */ = {isa = PBXBuildFile; fileRef = 663A843B1CFDFEC100A7849E /* ____UITests.m */; };
/* End PBXBuildFile section */

/* Begin PBXContainerItemProxy section */
		663A842D1CFDFEC100A7849E /* PBXContainerItemProxy */ = {
			isa = PBXContainerItemProxy;
			containerPortal = 663A840B1CFDFEC100A7849E /* Project object */;
			proxyType = 1;
			remoteGlobalIDString = 663A84121CFDFEC100A7849E;
			remoteInfo = "我的录音";
		};
		663A84381CFDFEC100A7849E /* PBXContainerItemProxy */ = {
			isa = PBXContainerItemProxy;
			containerPortal = 663A840B1CFDFEC100A7849E /* Project object */;
			proxyType = 1;
			remoteGlobalIDString = 663A84121CFDFEC100A7849E;
			remoteInfo = "我的录音";
		};
/* End PBXContainerItemProxy section */

/* Begin PBXFileReference section */
		663A84131CFDFEC100A7849E /* 我的录音.app */ = {isa = PBXFileReference; explicitFileType = wrapper.application; includeInIndex = 0; path = "我的录音.app"; sourceTree = BUILT_PRODUCTS_DIR; };
		663A84171CFDFEC100A7849E /* main.m */ = {isa = PBXFileReference; lastKnownFileType = sourcecode.c.objc; path = main.m; sourceTree = "<group>"; };
		663A84191CFDFEC100A7849E /* AppDelegate.h */ = {isa = PBXFileReference; lastKnownFileType = sourcecode.c.h; path = AppDelegate.h; sourceTree = "<group>"; };
		663A841A1CFDFEC100A7849E /* AppDelegate.m */ = {isa = PBXFileReference; lastKnownFileType = sourcecode.c.objc; path = AppDelegate.m; sourceTree = "<group>"; };
		663A841C1CFDFEC100A7849E /* ViewController.h */ = {isa = PBXFileReference; lastKnownFileType = sourcecode.c.h; path = ViewController.h; sourceTree = "<group>"; };
		663A841D1CFDFEC100A7849E /* ViewController.m */ = {isa = PBXFileReference; lastKnownFileType = sourcecode.c.objc; path = ViewController.m; sourceTree = "<group>"; };
		663A84201CFDFEC100A7849E /* Base */ = {isa = PBXFileReference; lastKnownFileType = file.storyboard; name = Base; path = Base.lproj/Main.storyboard; sourceTree = "<group>"; };
		663A84221CFDFEC100A7849E /* Assets.xcassets */ = {isa = PBXFileReference; lastKnownFileType = folder.assetcatalog; path = Assets.xcassets; sourceTree = "<group>"; };
		663A84251CFDFEC100A7849E /* Base */ = {isa = PBXFileReference; lastKnownFileType = file.storyboard; name = Base; path = Base.lproj/LaunchScreen.storyboard; sourceTree = "<group>"; };
		663A84271CFDFEC100A7849E /* Info.plist */ = {isa = PBXFileReference; lastKnownFileType = text.plist.xml; path = Info.plist; sourceTree = "<group>"; };
		663A842C1CFDFEC100A7849E /* 我的录音Tests.xctest */ = {isa = PBXFileReference; explicitFileType = wrapper.cfbundle; includeInIndex = 0; path = "我的录音Tests.xctest"; sourceTree = BUILT_PRODUCTS_DIR; };
		663A84301CFDFEC100A7849E /* ____Tests.m */ = {isa = PBXFileReference; lastKnownFileType = sourcecode.c.objc; path = "____Tests.m"; sourceTree = "<group>"; };
		663A84321CFDFEC100A7849E /* Info.plist */ = {isa = PBXFileReference; lastKnownFileType = text.plist.xml; path = Info.plist; sourceTree = "<group>"; };
		663A84371CFDFEC100A7849E /* 我的录音UITests.xctest */ = {isa = PBXFileReference; explicitFileType = wrapper.cfbundle; includeInIndex = 0; path = "我的录音UITests.xctest"; sourceTree = BUILT_PRODUCTS_DIR; };
		663A843B1CFDFEC100A7849E /* ____UITests.m */ = {isa = PBXFileReference; lastKnownFileType = sourcecode.c.objc; path = "____UITests.m"; sourceTree = "<group>"; };
		663A843D1CFDFEC100A7849E /* Info.plist */ = {isa = PBXFileReference; lastKnownFileType = text.plist.xml; path = Info.plist; sourceTree = "<group>"; };
/* End PBXFileReference section */

/* Begin PBXFrameworksBuildPhase section */
		663A84101CFDFEC100A7849E /* Frameworks */ = {
			isa = PBXFrameworksBuildPhase;
			buildActionMask = 2147483647;
			files = (
			);
			runOnlyForDeploymentPostprocessing = 0;
		};
		663A84291CFDFEC100A7849E /* Frameworks */ = {
			isa = PBXFrameworksBuildPhase;
			buildActionMask = 2147483647;
			files = (
			);
			runOnlyForDeploymentPostprocessing = 0;
		};
		663A84341CFDFEC100A7849E /* Frameworks */ = {
			isa = PBXFrameworksBuildPhase;
			buildActionMask = 2147483647;
			files = (
			);
			runOnlyForDeploymentPostprocessing = 0;
		};
/* End PBXFrameworksBuildPhase section */

/* Begin PBXGroup section */
		663A840A1CFDFEC100A7849E = {
			isa = PBXGroup;
			children = (
				663A84151CFDFEC100A7849E /* 我的录音 */,
				663A842F1CFDFEC100A7849E /* 我的录音Tests */,
				663A843A1CFDFEC100A7849E /* 我的录音UITests */,
				663A84141CFDFEC100A7849E /* Products */,
			);
			sourceTree = "<group>";
		};
		663A84141CFDFEC100A7849E /* Products */ = {
			isa = PBXGroup;
			children = (
				663A84131CFDFEC100A7849E /* 我的录音.app */,
				663A842C1CFDFEC100A7849E /* 我的录音Tests.xctest */,
				663A84371CFDFEC100A7849E /* 我的录音UITests.xctest */,
			);
			name = Products;
			sourceTree = "<group>";
		};
		663A84151CFDFEC100A7849E /* 我的录音 */ = {
			isa = PBXGroup;
			children = (
				663A84191CFDFEC100A7849E /* AppDelegate.h */,
				663A841A1CFDFEC100A7849E /* AppDelegate.m */,
				663A841C1CFDFEC100A7849E /* ViewController.h */,
				663A841D1CFDFEC100A7849E /* ViewController.m */,
				663A841F1CFDFEC100A7849E /* Main.storyboard */,
				663A84221CFDFEC100A7849E /* Assets.xcassets */,
				663A84241CFDFEC100A7849E /* LaunchScreen.storyboard */,
				663A84271CFDFEC100A7849E /* Info.plist */,
				663A84161CFDFEC100A7849E /* Supporting Files */,
			);
			path = "我的录音";
			sourceTree = "<group>";
		};
		663A84161CFDFEC100A7849E /* Supporting Files */ = {
			isa = PBXGroup;
			children = (
				663A84171CFDFEC100A7849E /* main.m */,
			);
			name = "Supporting Files";
			sourceTree = "<group>";
		};
		663A842F1CFDFEC100A7849E /* 我的录音Tests */ = {
			isa = PBXGroup;
			children = (
				663A84301CFDFEC100A7849E /* ____Tests.m */,
				663A84321CFDFEC100A7849E /* Info.plist */,
			);
			path = "我的录音Tests";
			sourceTree = "<group>";
		};
		663A843A1CFDFEC100A7849E /* 我的录音UITests */ = {
			isa = PBXGroup;
			children = (
				663A843B1CFDFEC100A7849E /* ____UITests.m */,
				663A843D1CFDFEC100A7849E /* Info.plist */,
			);
			path = "我的录音UITests";
			sourceTree = "<group>";
		};
/* End PBXGroup section */

/* Begin PBXNativeTarget section */
		663A84121CFDFEC100A7849E /* 我的录音 */ = {
			isa = PBXNativeTarget;
			buildConfigurationList = 663A84401CFDFEC100A7849E /* Build configuration list for PBXNativeTarget "我的录音" */;
			buildPhases = (
				663A840F1CFDFEC100A7849E /* Sources */,
				663A84101CFDFEC100A7849E /* Frameworks */,
				663A84111CFDFEC100A7849E /* Resources */,
			);
			buildRules = (
			);
			dependencies = (
			);
			name = "我的录音";
			productName = "我的录音";
			productReference = 663A84131CFDFEC100A7849E /* 我的录音.app */;
			productType = "com.apple.product-type.application";
		};
		663A842B1CFDFEC100A7849E /* 我的录音Tests */ = {
			isa = PBXNativeTarget;
			buildConfigurationList = 663A84431CFDFEC100A7849E /* Build configuration list for PBXNativeTarget "我的录音Tests" */;
			buildPhases = (
				663A84281CFDFEC100A7849E /* Sources */,
				663A84291CFDFEC100A7849E /* Frameworks */,
				663A842A1CFDFEC100A7849E /* Resources */,
			);
			buildRules = (
			);
			dependencies = (
				663A842E1CFDFEC100A7849E /* PBXTargetDependency */,
			);
			name = "我的录音Tests";
			productName = "我的录音Tests";
			productReference = 663A842C1CFDFEC100A7849E /* 我的录音Tests.xctest */;
			productType = "com.apple.product-type.bundle.unit-test";
		};
		663A84361CFDFEC100A7849E /* 我的录音UITests */ = {
			isa = PBXNativeTarget;
			buildConfigurationList = 663A84461CFDFEC100A7849E /* Build configuration list for PBXNativeTarget "我的录音UITests" */;
			buildPhases = (
				663A84331CFDFEC100A7849E /* Sources */,
				663A84341CFDFEC100A7849E /* Frameworks */,
				663A84351CFDFEC100A7849E /* Resources */,
			);
			buildRules = (
			);
			dependencies = (
				663A84391CFDFEC100A7849E /* PBXTargetDependency */,
			);
			name = "我的录音UITests";
			productName = "我的录音UITests";
			productReference = 663A84371CFDFEC100A7849E /* 我的录音UITests.xctest */;
			productType = "com.apple.product-type.bundle.ui-testing";
		};
/* End PBXNativeTarget section */

/* Begin PBXProject section */
		663A840B1CFDFEC100A7849E /* Project object */ = {
			isa = PBXProject;
			attributes = {
				LastUpgradeCheck = 0700;
				ORGANIZATIONNAME = "黄志伟";
				TargetAttributes = {
					663A84121CFDFEC100A7849E = {
						CreatedOnToolsVersion = 7.0;
					};
					663A842B1CFDFEC100A7849E = {
						CreatedOnToolsVersion = 7.0;
						TestTargetID = 663A84121CFDFEC100A7849E;
					};
					663A84361CFDFEC100A7849E = {
						CreatedOnToolsVersion = 7.0;
						TestTargetID = 663A84121CFDFEC100A7849E;
					};
				};
			};
			buildConfigurationList = 663A840E1CFDFEC100A7849E /* Build configuration list for PBXProject "我的录音" */;
			compatibilityVersion = "Xcode 3.2";
			developmentRegion = English;
			hasScannedForEncodings = 0;
			knownRegions = (
				en,
				Base,
			);
			mainGroup = 663A840A1CFDFEC100A7849E;
			productRefGroup = 663A84141CFDFEC100A7849E /* Products */;
			projectDirPath = "";
			projectRoot = "";
			targets = (
				663A84121CFDFEC100A7849E /* 我的录音 */,
				663A842B1CFDFEC100A7849E /* 我的录音Tests */,
				663A84361CFDFEC100A7849E /* 我的录音UITests */,
			);
		};
/* End PBXProject section */

/* Begin PBXResourcesBuildPhase section */
		663A84111CFDFEC100A7849E /* Resources */ = {
			isa = PBXResourcesBuildPhase;
			buildActionMask = 2147483647;
			files = (
				663A84261CFDFEC100A7849E /* LaunchScreen.storyboard in Resources */,
				663A84231CFDFEC100A7849E /* Assets.xcassets in Resources */,
				663A84211CFDFEC100A7849E /* Main.storyboard in Resources */,
			);
			runOnlyForDeploymentPostprocessing = 0;
		};
		663A842A1CFDFEC100A7849E /* Resources */ = {
			isa = PBXResourcesBuildPhase;
			buildActionMask = 2147483647;
			files = (
			);
			runOnlyForDeploymentPostprocessing = 0;
		};
		663A84351CFDFEC100A7849E /* Resources */ = {
			isa = PBXResourcesBuildPhase;
			buildActionMask = 2147483647;
			files = (
			);
			runOnlyForDeploymentPostprocessing = 0;
		};
/* End PBXResourcesBuildPhase section */

/* Begin PBXSourcesBuildPhase section */
		663A840F1CFDFEC100A7849E /* Sources */ = {
			isa = PBXSourcesBuildPhase;
			buildActionMask = 2147483647;
			files = (
				663A841E1CFDFEC100A7849E /* ViewController.m in Sources */,
				663A841B1CFDFEC100A7849E /* AppDelegate.m in Sources */,
				663A84181CFDFEC100A7849E /* main.m in Sources */,
			);
			runOnlyForDeploymentPostprocessing = 0;
		};
		663A84281CFDFEC100A7849E /* Sources */ = {
			isa = PBXSourcesBuildPhase;
			buildActionMask = 2147483647;
			files = (
				663A84311CFDFEC100A7849E /* ____Tests.m in Sources */,
			);
			runOnlyForDeploymentPostprocessing = 0;
		};
		663A84331CFDFEC100A7849E /* Sources */ = {
			isa = PBXSourcesBuildPhase;
			buildActionMask = 2147483647;
			files = (
				663A843C1CFDFEC100A7849E /* ____UITests.m in Sources */,
			);
			runOnlyForDeploymentPostprocessing = 0;
		};
/* End PBXSourcesBuildPhase section */

/* Begin PBXTargetDependency section */
		663A842E1CFDFEC100A7849E /* PBXTargetDependency */ = {
			isa = PBXTargetDependency;
			target = 663A84121CFDFEC100A7849E /* 我的录音 */;
			targetProxy = 663A842D1CFDFEC100A7849E /* PBXContainerItemProxy */;
		};
		663A84391CFDFEC100A7849E /* PBXTargetDependency */ = {
			isa = PBXTargetDependency;
			target = 663A84121CFDFEC100A7849E /* 我的录音 */;
			targetProxy = 663A84381CFDFEC100A7849E /* PBXContainerItemProxy */;
		};
/* End PBXTargetDependency section */

/* Begin PBXVariantGroup section */
		663A841F1CFDFEC100A7849E /* Main.storyboard */ = {
			isa = PBXVariantGroup;
			children = (
				663A84201CFDFEC100A7849E /* Base */,
			);
			name = Main.storyboard;
			sourceTree = "<group>";
		};
		663A84241CFDFEC100A7849E /* LaunchScreen.storyboard */ = {
			isa = PBXVariantGroup;
			children = (
				663A84251CFDFEC100A7849E /* Base */,
			);
			name = LaunchScreen.storyboard;
			sourceTree = "<group>";
		};
/* End PBXVariantGroup section */

/* Begin XCBuildConfiguration section */
		663A843E1CFDFEC100A7849E /* Debug */ = {
			isa = XCBuildConfiguration;
			buildSettings = {
				ALWAYS_SEARCH_USER_PATHS = NO;
				CLANG_CXX_LANGUAGE_STANDARD = "gnu++0x";
				CLANG_CXX_LIBRARY = "libc++";
				CLANG_ENABLE_MODULES = YES;
				CLANG_ENABLE_OBJC_ARC = YES;
				CLANG_WARN_BOOL_CONVERSION = YES;
				CLANG_WARN_CONSTANT_CONVERSION = YES;
				CLANG_WARN_DIRECT_OBJC_ISA_USAGE = YES_ERROR;
				CLANG_WARN_EMPTY_BODY = YES;
				CLANG_WARN_ENUM_CONVERSION = YES;
				CLANG_WARN_INT_CONVERSION = YES;
				CLANG_WARN_OBJC_ROOT_CLASS = YES_ERROR;
				CLANG_WARN_UNREACHABLE_CODE = YES;
				CLANG_WARN__DUPLICATE_METHOD_MATCH = YES;
				"CODE_SIGN_IDENTITY[sdk=iphoneos*]" = "iPhone Developer";
				COPY_PHASE_STRIP = NO;
				DEBUG_INFORMATION_FORMAT = dwarf;
				ENABLE_STRICT_OBJC_MSGSEND = YES;
				ENABLE_TESTABILITY = YES;
				GCC_C_LANGUAGE_STANDARD = gnu99;
				GCC_DYNAMIC_NO_PIC = NO;
				GCC_NO_COMMON_BLOCKS = YES;
				GCC_OPTIMIZATION_LEVEL = 0;
				GCC_PREPROCESSOR_DEFINITIONS = (
					"DEBUG=1",
					"$(inherited)",
				);
				GCC_WARN_64_TO_32_BIT_CONVERSION = YES;
				GCC_WARN_ABOUT_RETURN_TYPE = YES_ERROR;
				GCC_WARN_UNDECLARED_SELECTOR = YES;
				GCC_WARN_UNINITIALIZED_AUTOS = YES_AGGRESSIVE;
				GCC_WARN_UNUSED_FUNCTION = YES;
				GCC_WARN_UNUSED_VARIABLE = YES;
				IPHONEOS_DEPLOYMENT_TARGET = 9.0;
				MTL_ENABLE_DEBUG_INFO = YES;
				ONLY_ACTIVE_ARCH = YES;
				SDKROOT = iphoneos;
			};
			name = Debug;
		};
		663A843F1CFDFEC100A7849E /* Release */ = {
			isa = XCBuildConfiguration;
			buildSettings = {
				ALWAYS_SEARCH_USER_PATHS = NO;
				CLANG_CXX_LANGUAGE_STANDARD = "gnu++0x";
				CLANG_CXX_LIBRARY = "libc++";
				CLANG_ENABLE_MODULES = YES;
				CLANG_ENABLE_OBJC_ARC = YES;
				CLANG_WARN_BOOL_CONVERSION = YES;
				CLANG_WARN_CONSTANT_CONVERSION = YES;
				CLANG_WARN_DIRECT_OBJC_ISA_USAGE = YES_ERROR;
				CLANG_WARN_EMPTY_BODY = YES;
				CLANG_WARN_ENUM_CONVERSION = YES;
				CLANG_WARN_INT_CONVERSION = YES;
				CLANG_WARN_OBJC_ROOT_CLASS = YES_ERROR;
				CLANG_WARN_UNREACHABLE_CODE = YES;
				CLANG_WARN__DUPLICATE_METHOD_MATCH = YES;
				"CODE_SIGN_IDENTITY[sdk=iphoneos*]" = "iPhone Developer";
				COPY_PHASE_STRIP = NO;
				DEBUG_INFORMATION_FORMAT = "dwarf-with-dsym";
				ENABLE_NS_ASSERTIONS = NO;
				ENABLE_STRICT_OBJC_MSGSEND = YES;
				GCC_C_LANGUAGE_STANDARD = gnu99;
				GCC_NO_COMMON_BLOCKS = YES;
				GCC_WARN_64_TO_32_BIT_CONVERSION = YES;
				GCC_WARN_ABOUT_RETURN_TYPE = YES_ERROR;
				GCC_WARN_UNDECLARED_SELECTOR = YES;
				GCC_WARN_UNINITIALIZED_AUTOS = YES_AGGRESSIVE;
				GCC_WARN_UNUSED_FUNCTION = YES;
				GCC_WARN_UNUSED_VARIABLE = YES;
				IPHONEOS_DEPLOYMENT_TARGET = 9.0;
				MTL_ENABLE_DEBUG_INFO = NO;
				SDKROOT = iphoneos;
				VALIDATE_PRODUCT = YES;
			};
			name = Release;
		};
		663A84411CFDFEC100A7849E /* Debug */ = {
			isa = XCBuildConfiguration;
			buildSettings = {
				ASSETCATALOG_COMPILER_APPICON_NAME = AppIcon;
				INFOPLIST_FILE = "我的录音/Info.plist";
				LD_RUNPATH_SEARCH_PATHS = "$(inherited) @executable_path/Frameworks";
				PRODUCT_BUNDLE_IDENTIFIER = "yellow.net.----";
				PRODUCT_NAME = "$(TARGET_NAME)";
			};
			name = Debug;
		};
		663A84421CFDFEC100A7849E /* Release */ = {
			isa = XCBuildConfiguration;
			buildSettings = {
				ASSETCATALOG_COMPILER_APPICON_NAME = AppIcon;
				INFOPLIST_FILE = "我的录音/Info.plist";
				LD_RUNPATH_SEARCH_PATHS = "$(inherited) @executable_path/Frameworks";
				PRODUCT_BUNDLE_IDENTIFIER = "yellow.net.----";
				PRODUCT_NAME = "$(TARGET_NAME)";
			};
			name = Release;
		};
		663A84441CFDFEC100A7849E /* Debug */ = {
			isa = XCBuildConfiguration;
			buildSettings = {
				BUNDLE_LOADER = "$(TEST_HOST)";
				INFOPLIST_FILE = "我的录音Tests/Info.plist";
				LD_RUNPATH_SEARCH_PATHS = "$(inherited) @executable_path/Frameworks @loader_path/Frameworks";
				PRODUCT_BUNDLE_IDENTIFIER = "yellow.net.----Tests";
				PRODUCT_NAME = "$(TARGET_NAME)";
				TEST_HOST = "$(BUILT_PRODUCTS_DIR)/我的录音.app/我的录音";
			};
			name = Debug;
		};
		663A84451CFDFEC100A7849E /* Release */ = {
			isa = XCBuildConfiguration;
			buildSettings = {
				BUNDLE_LOADER = "$(TEST_HOST)";
				INFOPLIST_FILE = "我的录音Tests/Info.plist";
				LD_RUNPATH_SEARCH_PATHS = "$(inherited) @executable_path/Frameworks @loader_path/Frameworks";
				PRODUCT_BUNDLE_IDENTIFIER = "yellow.net.----Tests";
				PRODUCT_NAME = "$(TARGET_NAME)";
				TEST_HOST = "$(BUILT_PRODUCTS_DIR)/我的录音.app/我的录音";
			};
			name = Release;
		};
		663A84471CFDFEC100A7849E /* Debug */ = {
			isa = XCBuildConfiguration;
			buildSettings = {
				INFOPLIST_FILE = "我的录音UITests/Info.plist";
				LD_RUNPATH_SEARCH_PATHS = "$(inherited) @executable_path/Frameworks @loader_path/Frameworks";
				PRODUCT_BUNDLE_IDENTIFIER = "yellow.net.----UITests";
				PRODUCT_NAME = "$(TARGET_NAME)";
				TEST_TARGET_NAME = "我的录音";
				USES_XCTRUNNER = YES;
			};
			name = Debug;
		};
		663A84481CFDFEC100A7849E /* Release */ = {
			isa = XCBuildConfiguration;
			buildSettings = {
				INFOPLIST_FILE = "我的录音UITests/Info.plist";
				LD_RUNPATH_SEARCH_PATHS = "$(inherited) @executable_path/Frameworks @loader_path/Frameworks";
				PRODUCT_BUNDLE_IDENTIFIER = "yellow.net.----UITests";
				PRODUCT_NAME = "$(TARGET_NAME)";
				TEST_TARGET_NAME = "我的录音";
				USES_XCTRUNNER = YES;
			};
			name = Release;
		};
/* End XCBuildConfiguration section */

/* Begin XCConfigurationList section */
		663A840E1CFDFEC100A7849E /* Build configuration list for PBXProject "我的录音" */ = {
			isa = XCConfigurationList;
			buildConfigurations = (
				663A843E1CFDFEC100A7849E /* Debug */,
				663A843F1CFDFEC100A7849E /* Release */,
			);
			defaultConfigurationIsVisible = 0;
			defaultConfigurationName = Release;
		};
		663A84401CFDFEC100A7849E /* Build configuration list for PBXNativeTarget "我的录音" */ = {
			isa = XCConfigurationList;
			buildConfigurations = (
				663A84411CFDFEC100A7849E /* Debug */,
				663A84421CFDFEC100A7849E /* Release */,
			);
			defaultConfigurationIsVisible = 0;
		};
		663A84431CFDFEC100A7849E /* Build configuration list for PBXNativeTarget "我的录音Tests" */ = {
			isa = XCConfigurationList;
			buildConfigurations = (
				663A84441CFDFEC100A7849E /* Debug */,
				663A84451CFDFEC100A7849E /* Release */,
			);
			defaultConfigurationIsVisible = 0;
		};
		663A84461CFDFEC100A7849E /* Build configuration list for PBXNativeTarget "我的录音UITests" */ = {
			isa = XCConfigurationList;
			buildConfigurations = (
				663A84471CFDFEC100A7849E /* Debug */,
				663A84481CFDFEC100A7849E /* Release */,
			);
			defaultConfigurationIsVisible = 0;
		};
/* End XCConfigurationList section */
	};
	rootObject = 663A840B1CFDFEC100A7849E /* Project object */;
}
